// !$*UTF8*$!
{
	archiveVersion = 1;
	classes = {
	};
	objectVersion = 46;
	objects = {

/* Begin PBXBuildFile section */
		6E1DB24C1DF3A7B100A7D619 /* EntryDetailViewController.m in Sources */ = {isa = PBXBuildFile; fileRef = 6E1DB24B1DF3A7B100A7D619 /* EntryDetailViewController.m */; };
		6E1DB24F1DF3CE2000A7D619 /* SpotifyManager.m in Sources */ = {isa = PBXBuildFile; fileRef = 6E1DB24E1DF3CE2000A7D619 /* SpotifyManager.m */; };
		6E3777201DED0F70001E0ECB /* main.m in Sources */ = {isa = PBXBuildFile; fileRef = 6E37771F1DED0F70001E0ECB /* main.m */; };
		6E3777231DED0F70001E0ECB /* AppDelegate.m in Sources */ = {isa = PBXBuildFile; fileRef = 6E3777221DED0F70001E0ECB /* AppDelegate.m */; };
		6E3777261DED0F70001E0ECB /* FeedTableViewController.m in Sources */ = {isa = PBXBuildFile; fileRef = 6E3777251DED0F70001E0ECB /* FeedTableViewController.m */; };
		6E3777291DED0F70001E0ECB /* Main.storyboard in Resources */ = {isa = PBXBuildFile; fileRef = 6E3777271DED0F70001E0ECB /* Main.storyboard */; };
		6E37772B1DED0F70001E0ECB /* Assets.xcassets in Resources */ = {isa = PBXBuildFile; fileRef = 6E37772A1DED0F70001E0ECB /* Assets.xcassets */; };
		6E37772E1DED0F70001E0ECB /* LaunchScreen.storyboard in Resources */ = {isa = PBXBuildFile; fileRef = 6E37772C1DED0F70001E0ECB /* LaunchScreen.storyboard */; };
		6E3777391DED0F70001E0ECB /* NotoTests.m in Sources */ = {isa = PBXBuildFile; fileRef = 6E3777381DED0F70001E0ECB /* NotoTests.m */; };
		6E3777441DED0F70001E0ECB /* NotoUITests.m in Sources */ = {isa = PBXBuildFile; fileRef = 6E3777431DED0F70001E0ECB /* NotoUITests.m */; };
		6E4930F41DEE24430019AD89 /* AVFoundation.framework in Frameworks */ = {isa = PBXBuildFile; fileRef = 6E4930F31DEE24430019AD89 /* AVFoundation.framework */; };
		6E4930F61DEE24540019AD89 /* SystemConfiguration.framework in Frameworks */ = {isa = PBXBuildFile; fileRef = 6E4930F51DEE24540019AD89 /* SystemConfiguration.framework */; };
		6E4930F81DEE2BF60019AD89 /* SpotifyAudioPlayback.framework in Frameworks */ = {isa = PBXBuildFile; fileRef = 6E4930F71DEE2BF60019AD89 /* SpotifyAudioPlayback.framework */; };
		6E4930FA1DEE2BFB0019AD89 /* SpotifyAuthentication.framework in Frameworks */ = {isa = PBXBuildFile; fileRef = 6E4930F91DEE2BFB0019AD89 /* SpotifyAuthentication.framework */; };
		6E4930FC1DEE2BFF0019AD89 /* SpotifyMetadata.framework in Frameworks */ = {isa = PBXBuildFile; fileRef = 6E4930FB1DEE2BFF0019AD89 /* SpotifyMetadata.framework */; };
		6E4930FF1DEE615A0019AD89 /* LoginViewController.m in Sources */ = {isa = PBXBuildFile; fileRef = 6E4930FE1DEE615A0019AD89 /* LoginViewController.m */; };
		6E4931021DEE69A80019AD89 /* ProfileViewController.m in Sources */ = {isa = PBXBuildFile; fileRef = 6E4931011DEE69A80019AD89 /* ProfileViewController.m */; };
		6E4931051DEE6BF30019AD89 /* EntriesManager.m in Sources */ = {isa = PBXBuildFile; fileRef = 6E4931041DEE6BF30019AD89 /* EntriesManager.m */; };
		6E95386E1DEFC49900DA28D4 /* Entry.m in Sources */ = {isa = PBXBuildFile; fileRef = 6E95386D1DEFC49900DA28D4 /* Entry.m */; };
		6E9538711DF0D9ED00DA28D4 /* AddEntryViewController.m in Sources */ = {isa = PBXBuildFile; fileRef = 6E9538701DF0D9ED00DA28D4 /* AddEntryViewController.m */; };
/* End PBXBuildFile section */

/* Begin PBXContainerItemProxy section */
		6E3777351DED0F70001E0ECB /* PBXContainerItemProxy */ = {
			isa = PBXContainerItemProxy;
			containerPortal = 6E3777131DED0F70001E0ECB /* Project object */;
			proxyType = 1;
			remoteGlobalIDString = 6E37771A1DED0F70001E0ECB;
			remoteInfo = Noto;
		};
		6E3777401DED0F70001E0ECB /* PBXContainerItemProxy */ = {
			isa = PBXContainerItemProxy;
			containerPortal = 6E3777131DED0F70001E0ECB /* Project object */;
			proxyType = 1;
			remoteGlobalIDString = 6E37771A1DED0F70001E0ECB;
			remoteInfo = Noto;
		};
/* End PBXContainerItemProxy section */

/* Begin PBXFileReference section */
		6E1DB24A1DF3A7B100A7D619 /* EntryDetailViewController.h */ = {isa = PBXFileReference; fileEncoding = 4; lastKnownFileType = sourcecode.c.h; path = EntryDetailViewController.h; sourceTree = "<group>"; };
		6E1DB24B1DF3A7B100A7D619 /* EntryDetailViewController.m */ = {isa = PBXFileReference; fileEncoding = 4; lastKnownFileType = sourcecode.c.objc; path = EntryDetailViewController.m; sourceTree = "<group>"; };
		6E1DB24D1DF3CE2000A7D619 /* SpotifyManager.h */ = {isa = PBXFileReference; fileEncoding = 4; lastKnownFileType = sourcecode.c.h; path = SpotifyManager.h; sourceTree = "<group>"; };
		6E1DB24E1DF3CE2000A7D619 /* SpotifyManager.m */ = {isa = PBXFileReference; fileEncoding = 4; lastKnownFileType = sourcecode.c.objc; path = SpotifyManager.m; sourceTree = "<group>"; };
		6E37771B1DED0F70001E0ECB /* Noto.app */ = {isa = PBXFileReference; explicitFileType = wrapper.application; includeInIndex = 0; path = Noto.app; sourceTree = BUILT_PRODUCTS_DIR; };
		6E37771F1DED0F70001E0ECB /* main.m */ = {isa = PBXFileReference; lastKnownFileType = sourcecode.c.objc; path = main.m; sourceTree = "<group>"; };
		6E3777211DED0F70001E0ECB /* AppDelegate.h */ = {isa = PBXFileReference; lastKnownFileType = sourcecode.c.h; name = AppDelegate.h; path = Noto/AppDelegate.h; sourceTree = "<group>"; };
		6E3777221DED0F70001E0ECB /* AppDelegate.m */ = {isa = PBXFileReference; lastKnownFileType = sourcecode.c.objc; name = AppDelegate.m; path = Noto/AppDelegate.m; sourceTree = "<group>"; };
		6E3777241DED0F70001E0ECB /* FeedTableViewController.h */ = {isa = PBXFileReference; lastKnownFileType = sourcecode.c.h; name = FeedTableViewController.h; path = Noto/FeedTableViewController.h; sourceTree = "<group>"; };
		6E3777251DED0F70001E0ECB /* FeedTableViewController.m */ = {isa = PBXFileReference; lastKnownFileType = sourcecode.c.objc; name = FeedTableViewController.m; path = Noto/FeedTableViewController.m; sourceTree = "<group>"; };
		6E3777281DED0F70001E0ECB /* Base */ = {isa = PBXFileReference; lastKnownFileType = file.storyboard; name = Base; path = Base.lproj/Main.storyboard; sourceTree = "<group>"; };
		6E37772A1DED0F70001E0ECB /* Assets.xcassets */ = {isa = PBXFileReference; lastKnownFileType = folder.assetcatalog; path = Assets.xcassets; sourceTree = "<group>"; };
		6E37772D1DED0F70001E0ECB /* Base */ = {isa = PBXFileReference; lastKnownFileType = file.storyboard; name = Base; path = Base.lproj/LaunchScreen.storyboard; sourceTree = "<group>"; };
		6E37772F1DED0F70001E0ECB /* Info.plist */ = {isa = PBXFileReference; lastKnownFileType = text.plist.xml; path = Info.plist; sourceTree = "<group>"; };
		6E3777341DED0F70001E0ECB /* NotoTests.xctest */ = {isa = PBXFileReference; explicitFileType = wrapper.cfbundle; includeInIndex = 0; path = NotoTests.xctest; sourceTree = BUILT_PRODUCTS_DIR; };
		6E3777381DED0F70001E0ECB /* NotoTests.m */ = {isa = PBXFileReference; lastKnownFileType = sourcecode.c.objc; path = NotoTests.m; sourceTree = "<group>"; };
		6E37773A1DED0F70001E0ECB /* Info.plist */ = {isa = PBXFileReference; lastKnownFileType = text.plist.xml; path = Info.plist; sourceTree = "<group>"; };
		6E37773F1DED0F70001E0ECB /* NotoUITests.xctest */ = {isa = PBXFileReference; explicitFileType = wrapper.cfbundle; includeInIndex = 0; path = NotoUITests.xctest; sourceTree = BUILT_PRODUCTS_DIR; };
		6E3777431DED0F70001E0ECB /* NotoUITests.m */ = {isa = PBXFileReference; lastKnownFileType = sourcecode.c.objc; path = NotoUITests.m; sourceTree = "<group>"; };
		6E3777451DED0F70001E0ECB /* Info.plist */ = {isa = PBXFileReference; lastKnownFileType = text.plist.xml; path = Info.plist; sourceTree = "<group>"; };
		6E4930F31DEE24430019AD89 /* AVFoundation.framework */ = {isa = PBXFileReference; lastKnownFileType = wrapper.framework; name = AVFoundation.framework; path = System/Library/Frameworks/AVFoundation.framework; sourceTree = SDKROOT; };
		6E4930F51DEE24540019AD89 /* SystemConfiguration.framework */ = {isa = PBXFileReference; lastKnownFileType = wrapper.framework; name = SystemConfiguration.framework; path = System/Library/Frameworks/SystemConfiguration.framework; sourceTree = SDKROOT; };
		6E4930F71DEE2BF60019AD89 /* SpotifyAudioPlayback.framework */ = {isa = PBXFileReference; lastKnownFileType = wrapper.framework; path = SpotifyAudioPlayback.framework; sourceTree = "<group>"; };
		6E4930F91DEE2BFB0019AD89 /* SpotifyAuthentication.framework */ = {isa = PBXFileReference; lastKnownFileType = wrapper.framework; path = SpotifyAuthentication.framework; sourceTree = "<group>"; };
		6E4930FB1DEE2BFF0019AD89 /* SpotifyMetadata.framework */ = {isa = PBXFileReference; lastKnownFileType = wrapper.framework; path = SpotifyMetadata.framework; sourceTree = "<group>"; };
		6E4930FD1DEE615A0019AD89 /* LoginViewController.h */ = {isa = PBXFileReference; fileEncoding = 4; lastKnownFileType = sourcecode.c.h; name = LoginViewController.h; path = Noto/LoginViewController.h; sourceTree = "<group>"; };
		6E4930FE1DEE615A0019AD89 /* LoginViewController.m */ = {isa = PBXFileReference; fileEncoding = 4; lastKnownFileType = sourcecode.c.objc; name = LoginViewController.m; path = Noto/LoginViewController.m; sourceTree = "<group>"; };
		6E4931001DEE69A80019AD89 /* ProfileViewController.h */ = {isa = PBXFileReference; fileEncoding = 4; lastKnownFileType = sourcecode.c.h; path = ProfileViewController.h; sourceTree = "<group>"; };
		6E4931011DEE69A80019AD89 /* ProfileViewController.m */ = {isa = PBXFileReference; fileEncoding = 4; lastKnownFileType = sourcecode.c.objc; path = ProfileViewController.m; sourceTree = "<group>"; };
		6E4931031DEE6BF30019AD89 /* EntriesManager.h */ = {isa = PBXFileReference; fileEncoding = 4; lastKnownFileType = sourcecode.c.h; path = EntriesManager.h; sourceTree = "<group>"; };
		6E4931041DEE6BF30019AD89 /* EntriesManager.m */ = {isa = PBXFileReference; fileEncoding = 4; lastKnownFileType = sourcecode.c.objc; path = EntriesManager.m; sourceTree = "<group>"; };
		6E95386C1DEFC49900DA28D4 /* Entry.h */ = {isa = PBXFileReference; fileEncoding = 4; lastKnownFileType = sourcecode.c.h; path = Entry.h; sourceTree = "<group>"; };
		6E95386D1DEFC49900DA28D4 /* Entry.m */ = {isa = PBXFileReference; fileEncoding = 4; lastKnownFileType = sourcecode.c.objc; path = Entry.m; sourceTree = "<group>"; };
		6E95386F1DF0D9ED00DA28D4 /* AddEntryViewController.h */ = {isa = PBXFileReference; fileEncoding = 4; lastKnownFileType = sourcecode.c.h; path = AddEntryViewController.h; sourceTree = "<group>"; };
		6E9538701DF0D9ED00DA28D4 /* AddEntryViewController.m */ = {isa = PBXFileReference; fileEncoding = 4; lastKnownFileType = sourcecode.c.objc; path = AddEntryViewController.m; sourceTree = "<group>"; };
/* End PBXFileReference section */

/* Begin PBXFrameworksBuildPhase section */
		6E3777181DED0F70001E0ECB /* Frameworks */ = {
			isa = PBXFrameworksBuildPhase;
			buildActionMask = 2147483647;
			files = (
				6E4930FC1DEE2BFF0019AD89 /* SpotifyMetadata.framework in Frameworks */,
				6E4930F61DEE24540019AD89 /* SystemConfiguration.framework in Frameworks */,
				6E4930FA1DEE2BFB0019AD89 /* SpotifyAuthentication.framework in Frameworks */,
				6E4930F41DEE24430019AD89 /* AVFoundation.framework in Frameworks */,
				6E4930F81DEE2BF60019AD89 /* SpotifyAudioPlayback.framework in Frameworks */,
			);
			runOnlyForDeploymentPostprocessing = 0;
		};
		6E3777311DED0F70001E0ECB /* Frameworks */ = {
			isa = PBXFrameworksBuildPhase;
			buildActionMask = 2147483647;
			files = (
			);
			runOnlyForDeploymentPostprocessing = 0;
		};
		6E37773C1DED0F70001E0ECB /* Frameworks */ = {
			isa = PBXFrameworksBuildPhase;
			buildActionMask = 2147483647;
			files = (
			);
			runOnlyForDeploymentPostprocessing = 0;
		};
/* End PBXFrameworksBuildPhase section */

/* Begin PBXGroup section */
		6E3777121DED0F70001E0ECB = {
			isa = PBXGroup;
			children = (
				6E3777531DED2AA2001E0ECB /* Controller */,
				6E3777521DED2A9C001E0ECB /* View */,
				6E3777511DED2A95001E0ECB /* Model */,
				6E37771D1DED0F70001E0ECB /* Noto */,
				6E3777371DED0F70001E0ECB /* NotoTests */,
				6E3777421DED0F70001E0ECB /* NotoUITests */,
				6E37771C1DED0F70001E0ECB /* Products */,
				6E4930EC1DEE221B0019AD89 /* Frameworks */,
			);
			sourceTree = "<group>";
		};
		6E37771C1DED0F70001E0ECB /* Products */ = {
			isa = PBXGroup;
			children = (
				6E37771B1DED0F70001E0ECB /* Noto.app */,
				6E3777341DED0F70001E0ECB /* NotoTests.xctest */,
				6E37773F1DED0F70001E0ECB /* NotoUITests.xctest */,
			);
			name = Products;
			sourceTree = "<group>";
		};
		6E37771D1DED0F70001E0ECB /* Noto */ = {
			isa = PBXGroup;
			children = (
				6E37772A1DED0F70001E0ECB /* Assets.xcassets */,
				6E37772F1DED0F70001E0ECB /* Info.plist */,
				6E37771E1DED0F70001E0ECB /* Supporting Files */,
			);
			path = Noto;
			sourceTree = "<group>";
		};
		6E37771E1DED0F70001E0ECB /* Supporting Files */ = {
			isa = PBXGroup;
			children = (
				6E37771F1DED0F70001E0ECB /* main.m */,
			);
			name = "Supporting Files";
			sourceTree = "<group>";
		};
		6E3777371DED0F70001E0ECB /* NotoTests */ = {
			isa = PBXGroup;
			children = (
				6E3777381DED0F70001E0ECB /* NotoTests.m */,
				6E37773A1DED0F70001E0ECB /* Info.plist */,
			);
			path = NotoTests;
			sourceTree = "<group>";
		};
		6E3777421DED0F70001E0ECB /* NotoUITests */ = {
			isa = PBXGroup;
			children = (
				6E3777431DED0F70001E0ECB /* NotoUITests.m */,
				6E3777451DED0F70001E0ECB /* Info.plist */,
			);
			path = NotoUITests;
			sourceTree = "<group>";
		};
		6E3777511DED2A95001E0ECB /* Model */ = {
			isa = PBXGroup;
			children = (
				6E1DB24D1DF3CE2000A7D619 /* SpotifyManager.h */,
				6E1DB24E1DF3CE2000A7D619 /* SpotifyManager.m */,
				6E4931031DEE6BF30019AD89 /* EntriesManager.h */,
				6E4931041DEE6BF30019AD89 /* EntriesManager.m */,
				6E95386C1DEFC49900DA28D4 /* Entry.h */,
				6E95386D1DEFC49900DA28D4 /* Entry.m */,
			);
			name = Model;
			sourceTree = "<group>";
		};
		6E3777521DED2A9C001E0ECB /* View */ = {
			isa = PBXGroup;
			children = (
				6E3777271DED0F70001E0ECB /* Main.storyboard */,
				6E37772C1DED0F70001E0ECB /* LaunchScreen.storyboard */,
			);
			name = View;
			sourceTree = "<group>";
		};
		6E3777531DED2AA2001E0ECB /* Controller */ = {
			isa = PBXGroup;
			children = (
				6E3777211DED0F70001E0ECB /* AppDelegate.h */,
				6E3777221DED0F70001E0ECB /* AppDelegate.m */,
				6E4930FD1DEE615A0019AD89 /* LoginViewController.h */,
				6E4930FE1DEE615A0019AD89 /* LoginViewController.m */,
				6E3777241DED0F70001E0ECB /* FeedTableViewController.h */,
				6E3777251DED0F70001E0ECB /* FeedTableViewController.m */,
				6E4931001DEE69A80019AD89 /* ProfileViewController.h */,
				6E4931011DEE69A80019AD89 /* ProfileViewController.m */,
				6E95386F1DF0D9ED00DA28D4 /* AddEntryViewController.h */,
				6E9538701DF0D9ED00DA28D4 /* AddEntryViewController.m */,
				6E1DB24A1DF3A7B100A7D619 /* EntryDetailViewController.h */,
				6E1DB24B1DF3A7B100A7D619 /* EntryDetailViewController.m */,
			);
			name = Controller;
			sourceTree = "<group>";
		};
		6E4930EC1DEE221B0019AD89 /* Frameworks */ = {
			isa = PBXGroup;
			children = (
				6E4930FB1DEE2BFF0019AD89 /* SpotifyMetadata.framework */,
				6E4930F91DEE2BFB0019AD89 /* SpotifyAuthentication.framework */,
				6E4930F71DEE2BF60019AD89 /* SpotifyAudioPlayback.framework */,
				6E4930F51DEE24540019AD89 /* SystemConfiguration.framework */,
				6E4930F31DEE24430019AD89 /* AVFoundation.framework */,
			);
			name = Frameworks;
			sourceTree = "<group>";
		};
/* End PBXGroup section */

/* Begin PBXNativeTarget section */
		6E37771A1DED0F70001E0ECB /* Noto */ = {
			isa = PBXNativeTarget;
			buildConfigurationList = 6E3777481DED0F70001E0ECB /* Build configuration list for PBXNativeTarget "Noto" */;
			buildPhases = (
				6E3777171DED0F70001E0ECB /* Sources */,
				6E3777181DED0F70001E0ECB /* Frameworks */,
				6E3777191DED0F70001E0ECB /* Resources */,
			);
			buildRules = (
			);
			dependencies = (
			);
			name = Noto;
			productName = Noto;
			productReference = 6E37771B1DED0F70001E0ECB /* Noto.app */;
			productType = "com.apple.product-type.application";
		};
		6E3777331DED0F70001E0ECB /* NotoTests */ = {
			isa = PBXNativeTarget;
			buildConfigurationList = 6E37774B1DED0F70001E0ECB /* Build configuration list for PBXNativeTarget "NotoTests" */;
			buildPhases = (
				6E3777301DED0F70001E0ECB /* Sources */,
				6E3777311DED0F70001E0ECB /* Frameworks */,
				6E3777321DED0F70001E0ECB /* Resources */,
			);
			buildRules = (
			);
			dependencies = (
				6E3777361DED0F70001E0ECB /* PBXTargetDependency */,
			);
			name = NotoTests;
			productName = NotoTests;
			productReference = 6E3777341DED0F70001E0ECB /* NotoTests.xctest */;
			productType = "com.apple.product-type.bundle.unit-test";
		};
		6E37773E1DED0F70001E0ECB /* NotoUITests */ = {
			isa = PBXNativeTarget;
			buildConfigurationList = 6E37774E1DED0F70001E0ECB /* Build configuration list for PBXNativeTarget "NotoUITests" */;
			buildPhases = (
				6E37773B1DED0F70001E0ECB /* Sources */,
				6E37773C1DED0F70001E0ECB /* Frameworks */,
				6E37773D1DED0F70001E0ECB /* Resources */,
			);
			buildRules = (
			);
			dependencies = (
				6E3777411DED0F70001E0ECB /* PBXTargetDependency */,
			);
			name = NotoUITests;
			productName = NotoUITests;
			productReference = 6E37773F1DED0F70001E0ECB /* NotoUITests.xctest */;
			productType = "com.apple.product-type.bundle.ui-testing";
		};
/* End PBXNativeTarget section */

/* Begin PBXProject section */
		6E3777131DED0F70001E0ECB /* Project object */ = {
			isa = PBXProject;
			attributes = {
				LastUpgradeCheck = 0810;
				ORGANIZATIONNAME = "Laura Gouillon";
				TargetAttributes = {
					6E37771A1DED0F70001E0ECB = {
						CreatedOnToolsVersion = 8.1;
						DevelopmentTeam = 4EEF4W8VV3;
						ProvisioningStyle = Automatic;
					};
					6E3777331DED0F70001E0ECB = {
						CreatedOnToolsVersion = 8.1;
						DevelopmentTeam = 4EEF4W8VV3;
						ProvisioningStyle = Automatic;
						TestTargetID = 6E37771A1DED0F70001E0ECB;
					};
					6E37773E1DED0F70001E0ECB = {
						CreatedOnToolsVersion = 8.1;
						DevelopmentTeam = 4EEF4W8VV3;
						ProvisioningStyle = Automatic;
						TestTargetID = 6E37771A1DED0F70001E0ECB;
					};
				};
			};
			buildConfigurationList = 6E3777161DED0F70001E0ECB /* Build configuration list for PBXProject "Noto" */;
			compatibilityVersion = "Xcode 3.2";
			developmentRegion = English;
			hasScannedForEncodings = 0;
			knownRegions = (
				en,
				Base,
			);
			mainGroup = 6E3777121DED0F70001E0ECB;
			productRefGroup = 6E37771C1DED0F70001E0ECB /* Products */;
			projectDirPath = "";
			projectRoot = "";
			targets = (
				6E37771A1DED0F70001E0ECB /* Noto */,
				6E3777331DED0F70001E0ECB /* NotoTests */,
				6E37773E1DED0F70001E0ECB /* NotoUITests */,
			);
		};
/* End PBXProject section */

/* Begin PBXResourcesBuildPhase section */
		6E3777191DED0F70001E0ECB /* Resources */ = {
			isa = PBXResourcesBuildPhase;
			buildActionMask = 2147483647;
			files = (
				6E37772E1DED0F70001E0ECB /* LaunchScreen.storyboard in Resources */,
				6E37772B1DED0F70001E0ECB /* Assets.xcassets in Resources */,
				6E3777291DED0F70001E0ECB /* Main.storyboard in Resources */,
			);
			runOnlyForDeploymentPostprocessing = 0;
		};
		6E3777321DED0F70001E0ECB /* Resources */ = {
			isa = PBXResourcesBuildPhase;
			buildActionMask = 2147483647;
			files = (
			);
			runOnlyForDeploymentPostprocessing = 0;
		};
		6E37773D1DED0F70001E0ECB /* Resources */ = {
			isa = PBXResourcesBuildPhase;
			buildActionMask = 2147483647;
			files = (
			);
			runOnlyForDeploymentPostprocessing = 0;
		};
/* End PBXResourcesBuildPhase section */

/* Begin PBXSourcesBuildPhase section */
		6E3777171DED0F70001E0ECB /* Sources */ = {
			isa = PBXSourcesBuildPhase;
			buildActionMask = 2147483647;
			files = (
				6E4930FF1DEE615A0019AD89 /* LoginViewController.m in Sources */,
				6E3777261DED0F70001E0ECB /* FeedTableViewController.m in Sources */,
				6E1DB24F1DF3CE2000A7D619 /* SpotifyManager.m in Sources */,
				6E95386E1DEFC49900DA28D4 /* Entry.m in Sources */,
				6E4931051DEE6BF30019AD89 /* EntriesManager.m in Sources */,
				6E1DB24C1DF3A7B100A7D619 /* EntryDetailViewController.m in Sources */,
				6E3777231DED0F70001E0ECB /* AppDelegate.m in Sources */,
				6E9538711DF0D9ED00DA28D4 /* AddEntryViewController.m in Sources */,
				6E3777201DED0F70001E0ECB /* main.m in Sources */,
				6E4931021DEE69A80019AD89 /* ProfileViewController.m in Sources */,
			);
			runOnlyForDeploymentPostprocessing = 0;
		};
		6E3777301DED0F70001E0ECB /* Sources */ = {
			isa = PBXSourcesBuildPhase;
			buildActionMask = 2147483647;
			files = (
				6E3777391DED0F70001E0ECB /* NotoTests.m in Sources */,
			);
			runOnlyForDeploymentPostprocessing = 0;
		};
		6E37773B1DED0F70001E0ECB /* Sources */ = {
			isa = PBXSourcesBuildPhase;
			buildActionMask = 2147483647;
			files = (
				6E3777441DED0F70001E0ECB /* NotoUITests.m in Sources */,
			);
			runOnlyForDeploymentPostprocessing = 0;
		};
/* End PBXSourcesBuildPhase section */

/* Begin PBXTargetDependency section */
		6E3777361DED0F70001E0ECB /* PBXTargetDependency */ = {
			isa = PBXTargetDependency;
			target = 6E37771A1DED0F70001E0ECB /* Noto */;
			targetProxy = 6E3777351DED0F70001E0ECB /* PBXContainerItemProxy */;
		};
		6E3777411DED0F70001E0ECB /* PBXTargetDependency */ = {
			isa = PBXTargetDependency;
			target = 6E37771A1DED0F70001E0ECB /* Noto */;
			targetProxy = 6E3777401DED0F70001E0ECB /* PBXContainerItemProxy */;
		};
/* End PBXTargetDependency section */

/* Begin PBXVariantGroup section */
		6E3777271DED0F70001E0ECB /* Main.storyboard */ = {
			isa = PBXVariantGroup;
			children = (
				6E3777281DED0F70001E0ECB /* Base */,
			);
			name = Main.storyboard;
			path = Noto;
			sourceTree = "<group>";
		};
		6E37772C1DED0F70001E0ECB /* LaunchScreen.storyboard */ = {
			isa = PBXVariantGroup;
			children = (
				6E37772D1DED0F70001E0ECB /* Base */,
			);
			name = LaunchScreen.storyboard;
			path = Noto;
			sourceTree = "<group>";
		};
/* End PBXVariantGroup section */

/* Begin XCBuildConfiguration section */
		6E3777461DED0F70001E0ECB /* Debug */ = {
			isa = XCBuildConfiguration;
			buildSettings = {
				ALWAYS_SEARCH_USER_PATHS = NO;
				CLANG_ANALYZER_NONNULL = YES;
				CLANG_CXX_LANGUAGE_STANDARD = "gnu++0x";
				CLANG_CXX_LIBRARY = "libc++";
				CLANG_ENABLE_MODULES = YES;
				CLANG_ENABLE_OBJC_ARC = YES;
				CLANG_WARN_BOOL_CONVERSION = YES;
				CLANG_WARN_CONSTANT_CONVERSION = YES;
				CLANG_WARN_DIRECT_OBJC_ISA_USAGE = YES_ERROR;
				CLANG_WARN_DOCUMENTATION_COMMENTS = YES;
				CLANG_WARN_EMPTY_BODY = YES;
				CLANG_WARN_ENUM_CONVERSION = YES;
				CLANG_WARN_INFINITE_RECURSION = YES;
				CLANG_WARN_INT_CONVERSION = YES;
				CLANG_WARN_OBJC_ROOT_CLASS = YES_ERROR;
				CLANG_WARN_SUSPICIOUS_MOVES = YES;
				CLANG_WARN_UNREACHABLE_CODE = YES;
				CLANG_WARN__DUPLICATE_METHOD_MATCH = YES;
				"CODE_SIGN_IDENTITY[sdk=iphoneos*]" = "iPhone Developer";
				COPY_PHASE_STRIP = NO;
				DEBUG_INFORMATION_FORMAT = dwarf;
				ENABLE_STRICT_OBJC_MSGSEND = YES;
				ENABLE_TESTABILITY = YES;
				GCC_C_LANGUAGE_STANDARD = gnu99;
				GCC_DYNAMIC_NO_PIC = NO;
				GCC_NO_COMMON_BLOCKS = YES;
				GCC_OPTIMIZATION_LEVEL = 0;
				GCC_PREPROCESSOR_DEFINITIONS = (
					"DEBUG=1",
					"$(inherited)",
				);
				GCC_WARN_64_TO_32_BIT_CONVERSION = YES;
				GCC_WARN_ABOUT_RETURN_TYPE = YES_ERROR;
				GCC_WARN_UNDECLARED_SELECTOR = YES;
				GCC_WARN_UNINITIALIZED_AUTOS = YES_AGGRESSIVE;
				GCC_WARN_UNUSED_FUNCTION = YES;
				GCC_WARN_UNUSED_VARIABLE = YES;
				IPHONEOS_DEPLOYMENT_TARGET = 10.1;
				MTL_ENABLE_DEBUG_INFO = YES;
				ONLY_ACTIVE_ARCH = YES;
				SDKROOT = iphoneos;
			};
			name = Debug;
		};
		6E3777471DED0F70001E0ECB /* Release */ = {
			isa = XCBuildConfiguration;
			buildSettings = {
				ALWAYS_SEARCH_USER_PATHS = NO;
				CLANG_ANALYZER_NONNULL = YES;
				CLANG_CXX_LANGUAGE_STANDARD = "gnu++0x";
				CLANG_CXX_LIBRARY = "libc++";
				CLANG_ENABLE_MODULES = YES;
				CLANG_ENABLE_OBJC_ARC = YES;
				CLANG_WARN_BOOL_CONVERSION = YES;
				CLANG_WARN_CONSTANT_CONVERSION = YES;
				CLANG_WARN_DIRECT_OBJC_ISA_USAGE = YES_ERROR;
				CLANG_WARN_DOCUMENTATION_COMMENTS = YES;
				CLANG_WARN_EMPTY_BODY = YES;
				CLANG_WARN_ENUM_CONVERSION = YES;
				CLANG_WARN_INFINITE_RECURSION = YES;
				CLANG_WARN_INT_CONVERSION = YES;
				CLANG_WARN_OBJC_ROOT_CLASS = YES_ERROR;
				CLANG_WARN_SUSPICIOUS_MOVES = YES;
				CLANG_WARN_UNREACHABLE_CODE = YES;
				CLANG_WARN__DUPLICATE_METHOD_MATCH = YES;
				"CODE_SIGN_IDENTITY[sdk=iphoneos*]" = "iPhone Developer";
				COPY_PHASE_STRIP = NO;
				DEBUG_INFORMATION_FORMAT = "dwarf-with-dsym";
				ENABLE_NS_ASSERTIONS = NO;
				ENABLE_STRICT_OBJC_MSGSEND = YES;
				GCC_C_LANGUAGE_STANDARD = gnu99;
				GCC_NO_COMMON_BLOCKS = YES;
				GCC_WARN_64_TO_32_BIT_CONVERSION = YES;
				GCC_WARN_ABOUT_RETURN_TYPE = YES_ERROR;
				GCC_WARN_UNDECLARED_SELECTOR = YES;
				GCC_WARN_UNINITIALIZED_AUTOS = YES_AGGRESSIVE;
				GCC_WARN_UNUSED_FUNCTION = YES;
				GCC_WARN_UNUSED_VARIABLE = YES;
				IPHONEOS_DEPLOYMENT_TARGET = 10.1;
				MTL_ENABLE_DEBUG_INFO = NO;
				SDKROOT = iphoneos;
				VALIDATE_PRODUCT = YES;
			};
			name = Release;
		};
		6E3777491DED0F70001E0ECB /* Debug */ = {
			isa = XCBuildConfiguration;
			buildSettings = {
				ASSETCATALOG_COMPILER_APPICON_NAME = AppIcon;
				DEVELOPMENT_TEAM = 4EEF4W8VV3;
				FRAMEWORK_SEARCH_PATHS = (
					"$(inherited)",
					"$(PROJECT_DIR)",
				);
				INFOPLIST_FILE = Noto/Info.plist;
				LD_RUNPATH_SEARCH_PATHS = "$(inherited) @executable_path/Frameworks";
				OTHER_LDFLAGS = "-ObjC";
				PRODUCT_BUNDLE_IDENTIFIER = com.lgouillon.Noto;
				PRODUCT_NAME = "$(TARGET_NAME)";
			};
			name = Debug;
		};
		6E37774A1DED0F70001E0ECB /* Release */ = {
			isa = XCBuildConfiguration;
			buildSettings = {
				ASSETCATALOG_COMPILER_APPICON_NAME = AppIcon;
				DEVELOPMENT_TEAM = 4EEF4W8VV3;
				FRAMEWORK_SEARCH_PATHS = (
					"$(inherited)",
					"$(PROJECT_DIR)",
				);
				INFOPLIST_FILE = Noto/Info.plist;
				LD_RUNPATH_SEARCH_PATHS = "$(inherited) @executable_path/Frameworks";
				OTHER_LDFLAGS = "-ObjC";
				PRODUCT_BUNDLE_IDENTIFIER = com.lgouillon.Noto;
				PRODUCT_NAME = "$(TARGET_NAME)";
			};
			name = Release;
		};
		6E37774C1DED0F70001E0ECB /* Debug */ = {
			isa = XCBuildConfiguration;
			buildSettings = {
				BUNDLE_LOADER = "$(TEST_HOST)";
				DEVELOPMENT_TEAM = 4EEF4W8VV3;
				INFOPLIST_FILE = NotoTests/Info.plist;
				LD_RUNPATH_SEARCH_PATHS = "$(inherited) @executable_path/Frameworks @loader_path/Frameworks";
				PRODUCT_BUNDLE_IDENTIFIER = com.lgouillon.NotoTests;
				PRODUCT_NAME = "$(TARGET_NAME)";
				TEST_HOST = "$(BUILT_PRODUCTS_DIR)/Noto.app/Noto";
			};
			name = Debug;
		};
		6E37774D1DED0F70001E0ECB /* Release */ = {
			isa = XCBuildConfiguration;
			buildSettings = {
				BUNDLE_LOADER = "$(TEST_HOST)";
				DEVELOPMENT_TEAM = 4EEF4W8VV3;
				INFOPLIST_FILE = NotoTests/Info.plist;
				LD_RUNPATH_SEARCH_PATHS = "$(inherited) @executable_path/Frameworks @loader_path/Frameworks";
				PRODUCT_BUNDLE_IDENTIFIER = com.lgouillon.NotoTests;
				PRODUCT_NAME = "$(TARGET_NAME)";
				TEST_HOST = "$(BUILT_PRODUCTS_DIR)/Noto.app/Noto";
			};
			name = Release;
		};
		6E37774F1DED0F70001E0ECB /* Debug */ = {
			isa = XCBuildConfiguration;
			buildSettings = {
				DEVELOPMENT_TEAM = 4EEF4W8VV3;
				INFOPLIST_FILE = NotoUITests/Info.plist;
				LD_RUNPATH_SEARCH_PATHS = "$(inherited) @executable_path/Frameworks @loader_path/Frameworks";
				PRODUCT_BUNDLE_IDENTIFIER = com.lgouillon.NotoUITests;
				PRODUCT_NAME = "$(TARGET_NAME)";
				TEST_TARGET_NAME = Noto;
			};
			name = Debug;
		};
		6E3777501DED0F70001E0ECB /* Release */ = {
			isa = XCBuildConfiguration;
			buildSettings = {
				DEVELOPMENT_TEAM = 4EEF4W8VV3;
				INFOPLIST_FILE = NotoUITests/Info.plist;
				LD_RUNPATH_SEARCH_PATHS = "$(inherited) @executable_path/Frameworks @loader_path/Frameworks";
				PRODUCT_BUNDLE_IDENTIFIER = com.lgouillon.NotoUITests;
				PRODUCT_NAME = "$(TARGET_NAME)";
				TEST_TARGET_NAME = Noto;
			};
			name = Release;
		};
/* End XCBuildConfiguration section */

/* Begin XCConfigurationList section */
		6E3777161DED0F70001E0ECB /* Build configuration list for PBXProject "Noto" */ = {
			isa = XCConfigurationList;
			buildConfigurations = (
				6E3777461DED0F70001E0ECB /* Debug */,
				6E3777471DED0F70001E0ECB /* Release */,
			);
			defaultConfigurationIsVisible = 0;
			defaultConfigurationName = Release;
		};
		6E3777481DED0F70001E0ECB /* Build configuration list for PBXNativeTarget "Noto" */ = {
			isa = XCConfigurationList;
			buildConfigurations = (
				6E3777491DED0F70001E0ECB /* Debug */,
				6E37774A1DED0F70001E0ECB /* Release */,
			);
			defaultConfigurationIsVisible = 0;
			defaultConfigurationName = Release;
		};
		6E37774B1DED0F70001E0ECB /* Build configuration list for PBXNativeTarget "NotoTests" */ = {
			isa = XCConfigurationList;
			buildConfigurations = (
				6E37774C1DED0F70001E0ECB /* Debug */,
				6E37774D1DED0F70001E0ECB /* Release */,
			);
			defaultConfigurationIsVisible = 0;
			defaultConfigurationName = Release;
		};
		6E37774E1DED0F70001E0ECB /* Build configuration list for PBXNativeTarget "NotoUITests" */ = {
			isa = XCConfigurationList;
			buildConfigurations = (
				6E37774F1DED0F70001E0ECB /* Debug */,
				6E3777501DED0F70001E0ECB /* Release */,
			);
			defaultConfigurationIsVisible = 0;
			defaultConfigurationName = Release;
		};
/* End XCConfigurationList section */
	};
	rootObject = 6E3777131DED0F70001E0ECB /* Project object */;
}
